PODS:
  - coproduct (1.0.0):
    - Flutter
  - Flutter (1.0.0)

DEPENDENCIES:
  - coproduct (from `.symlinks/plugins/coproduct/ios`)
  - Flutter (from `Flutter`)

EXTERNAL SOURCES:
  coproduct:
    :path: ".symlinks/plugins/coproduct/ios"
  Flutter:
    :path: Flutter

SPEC CHECKSUMS:
  coproduct: e5a841aa4b825e9602038d40b8386cf097b08011
  Flutter: cabc95a1d2626b1b06e7179b784ebcf0c0cde467

PODFILE CHECKSUM: f00001f8834ad5e0c1cdd2f86183444b10c28390

COCOAPODS: 1.16.2
